
Microsoft Visual Studio Solution File, Format Version 12.00
# Visual Studio Version 17
VisualStudioVersion = 17.9.34622.214
MinimumVisualStudioVersion = 10.0.40219.1
Project("{FAE04EC0-301F-11D3-BF4B-00C04F79EFBC}") = "SolestrideAPI", "SolestrideAPI\SolestrideAPI.csproj", "{C37662C3-CACC-4667-AAE5-8FB16419BC53}"
EndProject
Global
	GlobalSection(SolutionConfigurationPlatforms) = preSolution
		Debug|Any CPU = Debug|Any CPU
		Release|Any CPU = Release|Any CPU
	EndGlobalSection
	GlobalSection(ProjectConfigurationPlatforms) = postSolution
		{C37662C3-CACC-4667-AAE5-8FB16419BC53}.Debug|Any CPU.ActiveCfg = Debug|Any CPU
		{C37662C3-CACC-4667-AAE5-8FB16419BC53}.Debug|Any CPU.Build.0 = Debug|Any CPU
		{C37662C3-CACC-4667-AAE5-8FB16419BC53}.Release|Any CPU.ActiveCfg = Release|Any CPU
		{C37662C3-CACC-4667-AAE5-8FB16419BC53}.Release|Any CPU.Build.0 = Release|Any CPU
	EndGlobalSection
	GlobalSection(SolutionProperties) = preSolution
		HideSolutionNode = FALSE
	EndGlobalSection
	GlobalSection(ExtensibilityGlobals) = postSolution
		SolutionGuid = {BA9B6F71-D433-4033-BB24-A0BC4EC39058}
	EndGlobalSection
EndGlobal
